
Microsoft Visual Studio Solution File, Format Version 12.00
# Visual Studio Version 16
VisualStudioVersion = 16.0.35026.282
MinimumVisualStudioVersion = 10.0.40219.1
Project("{FAE04EC0-301F-11D3-BF4B-00C04F79EFBC}") = "Notafinalcomputo1y2+tarea", "Notafinalcomputo1y2+tarea\Notafinalcomputo1y2+tarea.csproj", "{8DE6EDBC-00DE-440F-852F-66D3B59BF91D}"
EndProject
Global
	GlobalSection(SolutionConfigurationPlatforms) = preSolution
		Debug|Any CPU = Debug|Any CPU
		Release|Any CPU = Release|Any CPU
	EndGlobalSection
	GlobalSection(ProjectConfigurationPlatforms) = postSolution
		{8DE6EDBC-00DE-440F-852F-66D3B59BF91D}.Debug|Any CPU.ActiveCfg = Debug|Any CPU
		{8DE6EDBC-00DE-440F-852F-66D3B59BF91D}.Debug|Any CPU.Build.0 = Debug|Any CPU
		{8DE6EDBC-00DE-440F-852F-66D3B59BF91D}.Release|Any CPU.ActiveCfg = Release|Any CPU
		{8DE6EDBC-00DE-440F-852F-66D3B59BF91D}.Release|Any CPU.Build.0 = Release|Any CPU
	EndGlobalSection
	GlobalSection(SolutionProperties) = preSolution
		HideSolutionNode = FALSE
	EndGlobalSection
	GlobalSection(ExtensibilityGlobals) = postSolution
		SolutionGuid = {75AD0930-28FF-4BDF-A2B1-49D05F178CB5}
	EndGlobalSection
EndGlobal
