
Microsoft Visual Studio Solution File, Format Version 12.00
# Visual Studio Version 16
VisualStudioVersion = 16.0.35026.282
MinimumVisualStudioVersion = 10.0.40219.1
Project("{FAE04EC0-301F-11D3-BF4B-00C04F79EFBC}") = "mejora de calculo de sueldo neto", "mejora de calculo de sueldo neto\mejora de calculo de sueldo neto.csproj", "{7C21D2EA-2538-4C8B-A336-DC6A9F27802C}"
EndProject
Global
	GlobalSection(SolutionConfigurationPlatforms) = preSolution
		Debug|Any CPU = Debug|Any CPU
		Release|Any CPU = Release|Any CPU
	EndGlobalSection
	GlobalSection(ProjectConfigurationPlatforms) = postSolution
		{7C21D2EA-2538-4C8B-A336-DC6A9F27802C}.Debug|Any CPU.ActiveCfg = Debug|Any CPU
		{7C21D2EA-2538-4C8B-A336-DC6A9F27802C}.Debug|Any CPU.Build.0 = Debug|Any CPU
		{7C21D2EA-2538-4C8B-A336-DC6A9F27802C}.Release|Any CPU.ActiveCfg = Release|Any CPU
		{7C21D2EA-2538-4C8B-A336-DC6A9F27802C}.Release|Any CPU.Build.0 = Release|Any CPU
	EndGlobalSection
	GlobalSection(SolutionProperties) = preSolution
		HideSolutionNode = FALSE
	EndGlobalSection
	GlobalSection(ExtensibilityGlobals) = postSolution
		SolutionGuid = {2A01E8E5-006C-4269-808C-C654E85AD54A}
	EndGlobalSection
EndGlobal
