
Microsoft Visual Studio Solution File, Format Version 12.00
# Visual Studio Version 16
VisualStudioVersion = 16.0.35026.282
MinimumVisualStudioVersion = 10.0.40219.1
Project("{FAE04EC0-301F-11D3-BF4B-00C04F79EFBC}") = "nota final computo 1", "nota final computo 1\nota final computo 1.csproj", "{4CE9D8C2-D4C3-4AE8-AD45-A9CE0C663076}"
EndProject
Global
	GlobalSection(SolutionConfigurationPlatforms) = preSolution
		Debug|Any CPU = Debug|Any CPU
		Release|Any CPU = Release|Any CPU
	EndGlobalSection
	GlobalSection(ProjectConfigurationPlatforms) = postSolution
		{4CE9D8C2-D4C3-4AE8-AD45-A9CE0C663076}.Debug|Any CPU.ActiveCfg = Debug|Any CPU
		{4CE9D8C2-D4C3-4AE8-AD45-A9CE0C663076}.Debug|Any CPU.Build.0 = Debug|Any CPU
		{4CE9D8C2-D4C3-4AE8-AD45-A9CE0C663076}.Release|Any CPU.ActiveCfg = Release|Any CPU
		{4CE9D8C2-D4C3-4AE8-AD45-A9CE0C663076}.Release|Any CPU.Build.0 = Release|Any CPU
	EndGlobalSection
	GlobalSection(SolutionProperties) = preSolution
		HideSolutionNode = FALSE
	EndGlobalSection
	GlobalSection(ExtensibilityGlobals) = postSolution
		SolutionGuid = {2E5AA8E2-8E15-4DE8-9498-343C5589B2F8}
	EndGlobalSection
EndGlobal
